
Microsoft Visual Studio Solution File, Format Version 12.00
# Visual Studio Version 17
VisualStudioVersion = 17.0.32112.339
MinimumVisualStudioVersion = 10.0.40219.1
Project("{FAE04EC0-301F-11D3-BF4B-00C04F79EFBC}") = "lab9", "lab9\lab9.csproj", "{734B1AD4-EA96-4C97-89AD-0BA908ABD3C0}"
EndProject
Global
	GlobalSection(SolutionConfigurationPlatforms) = preSolution
		Debug|Any CPU = Debug|Any CPU
		Release|Any CPU = Release|Any CPU
	EndGlobalSection
	GlobalSection(ProjectConfigurationPlatforms) = postSolution
		{734B1AD4-EA96-4C97-89AD-0BA908ABD3C0}.Debug|Any CPU.ActiveCfg = Debug|Any CPU
		{734B1AD4-EA96-4C97-89AD-0BA908ABD3C0}.Debug|Any CPU.Build.0 = Debug|Any CPU
		{734B1AD4-EA96-4C97-89AD-0BA908ABD3C0}.Release|Any CPU.ActiveCfg = Release|Any CPU
		{734B1AD4-EA96-4C97-89AD-0BA908ABD3C0}.Release|Any CPU.Build.0 = Release|Any CPU
	EndGlobalSection
	GlobalSection(SolutionProperties) = preSolution
		HideSolutionNode = FALSE
	EndGlobalSection
	GlobalSection(ExtensibilityGlobals) = postSolution
		SolutionGuid = {3FBFEF35-1301-4E8E-A642-B050F0B8E160}
	EndGlobalSection
EndGlobal
